
Microsoft Visual Studio Solution File, Format Version 12.00
# Visual Studio Version 17
VisualStudioVersion = 17.5.33502.453
MinimumVisualStudioVersion = 10.0.40219.1
Project("{FAE04EC0-301F-11D3-BF4B-00C04F79EFBC}") = "Blazor.GlobalErrorHandling.Demo", "Blazor.GlobalErrorHandling.Demo\Blazor.GlobalErrorHandling.Demo.csproj", "{01514AA1-2BFB-4910-8826-1C829AEDEFD3}"
EndProject
Global
	GlobalSection(SolutionConfigurationPlatforms) = preSolution
		Debug|Any CPU = Debug|Any CPU
		Release|Any CPU = Release|Any CPU
	EndGlobalSection
	GlobalSection(ProjectConfigurationPlatforms) = postSolution
		{01514AA1-2BFB-4910-8826-1C829AEDEFD3}.Debug|Any CPU.ActiveCfg = Debug|Any CPU
		{01514AA1-2BFB-4910-8826-1C829AEDEFD3}.Debug|Any CPU.Build.0 = Debug|Any CPU
		{01514AA1-2BFB-4910-8826-1C829AEDEFD3}.Release|Any CPU.ActiveCfg = Release|Any CPU
		{01514AA1-2BFB-4910-8826-1C829AEDEFD3}.Release|Any CPU.Build.0 = Release|Any CPU
	EndGlobalSection
	GlobalSection(SolutionProperties) = preSolution
		HideSolutionNode = FALSE
	EndGlobalSection
	GlobalSection(ExtensibilityGlobals) = postSolution
		SolutionGuid = {645D37CA-EAC5-424B-A6DD-3650461A8D17}
	EndGlobalSection
EndGlobal
